{
  "version": 1,
  "dependencies": {
    "net10.0": {
      "Microsoft.NET.Test.Sdk": {
        "type": "Direct",
        "requested": "[18.9.0, )",
        "resolved": "18.9.0",
        "contentHash": "xIzVXa/VpKXqDWzyC/5Hw8JbFY5u9k3Jc53CpcjBiOXvkQGio484LD9FNwOiGUSMDcYL3Rcw9sNgGi5WrswlPQ==",
        "dependencies": {
          "Microsoft.CodeCoverage": "18.9.0",
          "Microsoft.TestPlatform.TestHost": "18.9.0"
        }
      },
      "xunit": {
        "type": "Direct",
        "requested": "[2.9.3, )",
        "resolved": "2.9.3",
        "contentHash": "TlXQBinK35LpOPKHAqbLY4xlEen9TBafjs0V5KnA4wZsoQLQJiirCR4CbIXvOH8NzkW4YeJKP5P/Bnrodm0h9Q==",
        "dependencies": {
          "xunit.analyzers": "1.18.0",
          "xunit.assert": "2.9.3",
          "xunit.core": "[2.9.3]"
        }
      },
      "xunit.runner.visualstudio": {
        "type": "Direct",
        "requested": "[3.1.5, )",
        "resolved": "3.1.5",
        "contentHash": "tKi7dSTwP4m5m9eXPM2Ime4Kn7xNf4x4zT9sdLO/G4hZVnQCRiMTWoSZqI/pYTVeI27oPPqHBKYI/DjJ9GsYgA=="
      },
      "Avalonia": {
        "type": "Transitive",
        "resolved": "12.1.1",
        "contentHash": "o8pZ1oE9AQ6gklpGM0lnOBp/JlVH0J/0mYszBf0GsSAcEnzHNCLM9NnrPZwKu4j2q9oNbVHYzzEPkszQeuqaKw==",
        "dependencies": {
          "Avalonia.BuildServices": "11.3.2",
          "Avalonia.Remote.Protocol": "12.1.1",
          "MicroCom.Runtime": "0.11.6"
        }
      },
      "Avalonia.BuildServices": {
        "type": "Transitive",
        "resolved": "11.3.2",
        "contentHash": "qHDToxto1e3hci5YqbG9n0Ty8mlp3zBUN5wT66wKqaDVzXyQ0do3EnRILd4Ke9jpvsktaPpgE0YjEk7hornryQ=="
      },
      "Avalonia.Controls.DataGrid": {
        "type": "Transitive",
        "resolved": "12.1.2",
        "contentHash": "Tw02SZd/B42Gq6/l9IBPfuM+VsHPq7c6LXb9mT0xVjZB2UPeynfKlBgQDcrhu/SOfYUGk7tQSRmLFM2kaAjdrw==",
        "dependencies": {
          "Avalonia": "12.1.0"
        }
      },
      "Avalonia.Fonts.Inter": {
        "type": "Transitive",
        "resolved": "12.1.1",
        "contentHash": "V2d7OM1jybcl31KThdhf8XSl5SjQ6Ll/tXIfwQ00kMeWuPegRcOx8DLVpECHOOEKO9JZelXW0enuUu1D7Svikg==",
        "dependencies": {
          "Avalonia": "12.1.1"
        }
      },
      "Avalonia.Remote.Protocol": {
        "type": "Transitive",
        "resolved": "12.1.1",
        "contentHash": "0u77tnOwJnHtVLu+WBY7T56fN9W8n7++Uq9kHW6J+bfv5y13WZUMVS+PBzoBe32taYvz/oSomDGO1V41AHaFcQ=="
      },
      "Avalonia.Themes.Fluent": {
        "type": "Transitive",
        "resolved": "12.1.1",
        "contentHash": "7vdtZsM9o8I8LpU9dyiB/Ah7WB8a5V3JHLsExe4T433ynn5x57F+DBskctZuNOxml8hbe1GmtNUNkBDsqSVKVg==",
        "dependencies": {
          "Avalonia": "12.1.1"
        }
      },
      "CommunityToolkit.Mvvm": {
        "type": "Transitive",
        "resolved": "8.4.2",
        "contentHash": "WadCzGEc2U+3e20avRLng4qNtt4zoOGWrdUISqJWrHe3/FSnrYjuM5Sb4yQb09LhkBXrrI4Zt3dLKgRMbItsrg=="
      },
      "Daqifi.Core": {
        "type": "Transitive",
        "resolved": "1.7.0",
        "contentHash": "Qv/l88xnXvks2igaUqc3AUpJ62xlTcLPrkfmnjr7oOjQpSyCTXJOwj3hClvrrBmTYqGnPagWPpL8MBEodI+acw==",
        "dependencies": {
          "Google.Protobuf": "3.35.1",
          "HidSharp": "2.6.4",
          "Microsoft.Extensions.Logging.Abstractions": "10.0.11",
          "System.IO.Ports": "10.0.11",
          "System.Management": "10.0.11"
        }
      },
      "EFCore.BulkExtensions.Core": {
        "type": "Transitive",
        "resolved": "10.0.1",
        "contentHash": "D++Wd1Qy6RM+yMy4nQ3r0nc/cSA0T+AdlFBEuKDhwl6r5bwuBQpluP5h2rvQ3i+CetUGppef6JNH9grg8lo+Bw==",
        "dependencies": {
          "MedallionTopologicalSort": "1.0.0",
          "Microsoft.EntityFrameworkCore.Relational": "10.0.3",
          "NetTopologySuite": "2.6.0"
        }
      },
      "EFCore.BulkExtensions.Sqlite": {
        "type": "Transitive",
        "resolved": "10.0.1",
        "contentHash": "KLwKYfyI6aoooLNXMe+KvTk45lFuAAcy5u12icfTr+1pcEWLawwnaGEDtWanlen5uWxO13B/j68dolSHIwL2/A==",
        "dependencies": {
          "EFCore.BulkExtensions.Core": "10.0.1",
          "Microsoft.EntityFrameworkCore.Sqlite.Core": "10.0.3",
          "NetTopologySuite.IO.SpatiaLite": "2.0.0"
        }
      },
      "ExtendedNumerics.BigDecimal": {
        "type": "Transitive",
        "resolved": "3003.2.0.161",
        "contentHash": "VMTiP6rMaghsAILVw+2W7FzReJH0kuF+YU9/4u110IWtsCWe+5HvzJqWxyknd860zFEbA9N37+qk5IjRLdF5UQ=="
      },
      "Google.Protobuf": {
        "type": "Transitive",
        "resolved": "3.35.1",
        "contentHash": "pxtkuXhR8svkvDTQrYew9GZQt6eWhblz/V/WKUFrQgkHYlQPsumJTeF6ppHRJpe6j9ffukkd5lQULiiKaek4xA=="
      },
      "HidSharp": {
        "type": "Transitive",
        "resolved": "2.6.4",
        "contentHash": "UcGvtnXFcatwHBXr+ei8GEXvg//wjGmDGQ6Xvb+7M4vHjURAhSLIJ+dSZv0BnAhQEpNlH8G4P7JxYnMH8Aph4g=="
      },
      "MedallionTopologicalSort": {
        "type": "Transitive",
        "resolved": "1.0.0",
        "contentHash": "dcAqM8TcyZQ/T466CvqNMUUn/G0FQE+4R7l62ngXH7hLFP9yA7yoP/ySsLgiXx3pGUQC3J+cUvXmJOOR/eC+oQ=="
      },
      "MicroCom.Runtime": {
        "type": "Transitive",
        "resolved": "0.11.6",
        "contentHash": "NdNWGDiZ6eS/Mf/9+QHR91cj1K7Hy+PX9yrHI/zM7xFYuj9IWT2uxtB6sCHjrnxAeLV9fut1R6zHDUGKX6f9lQ=="
      },
      "Microsoft.CodeCoverage": {
        "type": "Transitive",
        "resolved": "18.9.0",
        "contentHash": "MtegCIKGuG0r/LCdIjoR1HgzCGIUBhR3aNdbtQpts5vMXQuqBDZ2Jsd2uFKoHFM2XrQV6ZrDf3F5oLi3SLTp8w=="
      },
      "Microsoft.Data.Sqlite": {
        "type": "Transitive",
        "resolved": "10.0.11",
        "contentHash": "7je7UELzm131GiLYc4PpZvfKXIgIyzPM+v+tjcd/nbnuWRfgcONYKzDTqJlURxwVCFsVnlpmq6y6yn4qvR8QXQ==",
        "dependencies": {
          "Microsoft.Data.Sqlite.Core": "10.0.11",
          "SQLitePCLRaw.bundle_e_sqlite3": "2.1.12",
          "SQLitePCLRaw.core": "2.1.12"
        }
      },
      "Microsoft.Data.Sqlite.Core": {
        "type": "Transitive",
        "resolved": "10.0.11",
        "contentHash": "hubA20AGenQ4Sx0ElWaPpB8DISjXpdx463+1zOGRslsT0e/t/06ITv+pHsop8CcJ0d8PZLfgnT7juCDVD79Dkw==",
        "dependencies": {
          "SQLitePCLRaw.core": "2.1.12"
        }
      },
      "Microsoft.EntityFrameworkCore": {
        "type": "Transitive",
        "resolved": "10.0.11",
        "contentHash": "VOSGU8en6HZJs8t7UMFN+9vGcRgVOOn6fA44Ngcg2NyvJ3P1KE94iAb0XzaVaGhXGtt+qaM/VtEn0/hzluQJeg==",
        "dependencies": {
          "Microsoft.EntityFrameworkCore.Abstractions": "10.0.11",
          "Microsoft.EntityFrameworkCore.Analyzers": "10.0.11",
          "Microsoft.Extensions.Caching.Memory": "10.0.11",
          "Microsoft.Extensions.Logging": "10.0.11"
        }
      },
      "Microsoft.EntityFrameworkCore.Abstractions": {
        "type": "Transitive",
        "resolved": "10.0.11",
        "contentHash": "6auJR+9+9VunznKfH7WGrHMrnrmA0F7JZ22EXzwXvVhjfnbu9Xq7NSIWaOf3KJsOanM2qf5ajJ2JR5TlcPZTLA=="
      },
      "Microsoft.EntityFrameworkCore.Analyzers": {
        "type": "Transitive",
        "resolved": "10.0.11",
        "contentHash": "Bv7X4wSSnzCQED9WYXKJ8fwgyvKwf0xZM1GO8xkf6CF9zl+UBnvjxmcPnokJRy0JKjc1SlHSzzhx1HcL4jitTQ=="
      },
      "Microsoft.EntityFrameworkCore.Relational": {
        "type": "Transitive",
        "resolved": "10.0.11",
        "contentHash": "grznnTJgEYxaWpdKAsTzg6j+89jHgCXWYp+QGtlX5O92+w/VuhWM6JLPYb+uw8M9VhGUvOTsO76dYOy9vNPd5Q==",
        "dependencies": {
          "Microsoft.EntityFrameworkCore": "10.0.11",
          "Microsoft.Extensions.Caching.Memory": "10.0.11",
          "Microsoft.Extensions.Configuration.Abstractions": "10.0.11",
          "Microsoft.Extensions.Logging": "10.0.11"
        }
      },
      "Microsoft.EntityFrameworkCore.Sqlite": {
        "type": "Transitive",
        "resolved": "10.0.11",
        "contentHash": "jc7iVrhQyInR3loraMESfEFaFOtQOB1mRKHjX6QYC9o7YDbfMNbAPnIwlpffnFwhXd6/27FKaaV+sWSoLd4F1g==",
        "dependencies": {
          "Microsoft.EntityFrameworkCore.Sqlite.Core": "10.0.11",
          "Microsoft.Extensions.Caching.Memory": "10.0.11",
          "Microsoft.Extensions.Configuration.Abstractions": "10.0.11",
          "Microsoft.Extensions.DependencyModel": "10.0.11",
          "Microsoft.Extensions.Logging": "10.0.11",
          "SQLitePCLRaw.bundle_e_sqlite3": "2.1.12",
          "SQLitePCLRaw.core": "2.1.12"
        }
      },
      "Microsoft.EntityFrameworkCore.Sqlite.Core": {
        "type": "Transitive",
        "resolved": "10.0.11",
        "contentHash": "ywTQKt32xnVhCzjEQAqFufpEyXkOUfvW/EC/s4xnS8Xaor2xXE+TMUyzhgACqXtZEU5IR95y94RDzHto55Fx7w==",
        "dependencies": {
          "Microsoft.Data.Sqlite.Core": "10.0.11",
          "Microsoft.EntityFrameworkCore.Relational": "10.0.11",
          "Microsoft.Extensions.Caching.Memory": "10.0.11",
          "Microsoft.Extensions.Configuration.Abstractions": "10.0.11",
          "Microsoft.Extensions.DependencyModel": "10.0.11",
          "Microsoft.Extensions.Logging": "10.0.11",
          "SQLitePCLRaw.core": "2.1.12"
        }
      },
      "Microsoft.Extensions.Caching.Abstractions": {
        "type": "Transitive",
        "resolved": "10.0.11",
        "contentHash": "vUl798SmruTqqlt/xH2gDk3tJlhk6k3HdOXAHirlRfbNKDym4g/kRpUL9S4sl6F6FsOTOMW+ZsDapqlZMOOiEw==",
        "dependencies": {
          "Microsoft.Extensions.Primitives": "10.0.11"
        }
      },
      "Microsoft.Extensions.Caching.Memory": {
        "type": "Transitive",
        "resolved": "10.0.11",
        "contentHash": "el1g0mBEbDBGY2bT9mcSfrTWO8QlPdq2nOCnvQugioOFwHV+bVBMeiakoI0dNOdj8d6Hi9K6HY2xzRUWJiDR3w==",
        "dependencies": {
          "Microsoft.Extensions.Caching.Abstractions": "10.0.11",
          "Microsoft.Extensions.DependencyInjection.Abstractions": "10.0.11",
          "Microsoft.Extensions.Logging.Abstractions": "10.0.11",
          "Microsoft.Extensions.Options": "10.0.11",
          "Microsoft.Extensions.Primitives": "10.0.11"
        }
      },
      "Microsoft.Extensions.Configuration": {
        "type": "Transitive",
        "resolved": "10.0.11",
        "contentHash": "wlhRqZW8LcJPa+vk2oLAc/REXDItHtkFQdf/QcXYGZbZOO13izcsKY1pCvuFQYwUiZD+hwSZwsKASjqT+BNaVg==",
        "dependencies": {
          "Microsoft.Extensions.Configuration.Abstractions": "10.0.11",
          "Microsoft.Extensions.Primitives": "10.0.11"
        }
      },
      "Microsoft.Extensions.Configuration.Abstractions": {
        "type": "Transitive",
        "resolved": "10.0.11",
        "contentHash": "fVi053xdpda9Em7vSkmgVxO/PtgC2m78ekReKWsgcyskqY0U82Bz/MONwxpGzI0hElYKJfw+fupqMVeKW3fSaA==",
        "dependencies": {
          "Microsoft.Extensions.Primitives": "10.0.11"
        }
      },
      "Microsoft.Extensions.Configuration.Binder": {
        "type": "Transitive",
        "resolved": "10.0.11",
        "contentHash": "rFn8RuszZn3qquPVkDytMUlPc2+rXl9MCoygwc1XmAgC5vg5/oXJ8hkOosOrLoBLsqdTy4lFwP6iQdPS9uSYOA==",
        "dependencies": {
          "Microsoft.Extensions.Configuration": "10.0.11",
          "Microsoft.Extensions.Configuration.Abstractions": "10.0.11"
        }
      },
      "Microsoft.Extensions.DependencyInjection": {
        "type": "Transitive",
        "resolved": "10.0.11",
        "contentHash": "PSmotV19c7E3lKed++uYo1kSiXFI+uTl37CBSrhq+CfLC3FCHjG7R91+xPnNehQfHS1b0Tzo/CCLPWH3qaEheg==",
        "dependencies": {
          "Microsoft.Extensions.DependencyInjection.Abstractions": "10.0.11"
        }
      },
      "Microsoft.Extensions.DependencyInjection.Abstractions": {
        "type": "Transitive",
        "resolved": "10.0.11",
        "contentHash": "/a1aJz4m7ylhEDf25ugQChLQoN5XwoGjWw/BoR/ZWWKsO1v4DdJElS1uyngahz4B/eOzjFk1KNTkarRLE5wsIg=="
      },
      "Microsoft.Extensions.DependencyModel": {
        "type": "Transitive",
        "resolved": "10.0.11",
        "contentHash": "PJPtFYsZ+r+uz9qqXWUTEyKeJ1EiBGIJtqavkg9ZXijjGSFAk4Fgi5sqIxj+uAyLZwEKgexDUQXhWhvU6l3+og=="
      },
      "Microsoft.Extensions.Diagnostics": {
        "type": "Transitive",
        "resolved": "10.0.11",
        "contentHash": "HT70uGPxMLqqnOzKMcnQtDmeV4r0KHr4qVCLhP7SXil9jMEm8sQXwcybxVVFGXZJ1V44xV0mLqQ54aZbcR2OiQ==",
        "dependencies": {
          "Microsoft.Extensions.Configuration": "10.0.11",
          "Microsoft.Extensions.Diagnostics.Abstractions": "10.0.11",
          "Microsoft.Extensions.Options.ConfigurationExtensions": "10.0.11"
        }
      },
      "Microsoft.Extensions.Diagnostics.Abstractions": {
        "type": "Transitive",
        "resolved": "10.0.11",
        "contentHash": "se7Kx8QpJEt+nf26L4qIVAofGTDr1wbexxsh/Fm3Xc04xUkqUXK06KUS7FLwSQYSjqb7q9n+T7MEcXYBhI1Y5g==",
        "dependencies": {
          "Microsoft.Extensions.DependencyInjection.Abstractions": "10.0.11",
          "Microsoft.Extensions.Options": "10.0.11"
        }
      },
      "Microsoft.Extensions.Http": {
        "type": "Transitive",
        "resolved": "10.0.11",
        "contentHash": "ujx8RvcKzkxPFBguwgiygbwWVHVK0P7HFlNJ6I0JBRb28tzwe42jixBoA+dGmqG9IHepPVcm04vv2IDnU93ekA==",
        "dependencies": {
          "Microsoft.Extensions.Configuration.Abstractions": "10.0.11",
          "Microsoft.Extensions.DependencyInjection.Abstractions": "10.0.11",
          "Microsoft.Extensions.Diagnostics": "10.0.11",
          "Microsoft.Extensions.Logging": "10.0.11",
          "Microsoft.Extensions.Logging.Abstractions": "10.0.11",
          "Microsoft.Extensions.Options": "10.0.11"
        }
      },
      "Microsoft.Extensions.Logging": {
        "type": "Transitive",
        "resolved": "10.0.11",
        "contentHash": "nUOJwgFkSiLHiVGFpU22pIJtuWYewuSYQ3JVuP/gdK8ASMT807Px+TYQiRWs6uSsOmoyFTaVCwKXTasczV6BpA==",
        "dependencies": {
          "Microsoft.Extensions.DependencyInjection": "10.0.11",
          "Microsoft.Extensions.Logging.Abstractions": "10.0.11",
          "Microsoft.Extensions.Options": "10.0.11"
        }
      },
      "Microsoft.Extensions.Logging.Abstractions": {
        "type": "Transitive",
        "resolved": "10.0.11",
        "contentHash": "Ljd0Uxoq5XpScD2Bg0nM/r3mwx7Ao5Uq24eo2ARxbGvqJ7Zht6rt2cJtwVRH4Cv+1ZVMdXz6TB43KbpmsxRrvQ==",
        "dependencies": {
          "Microsoft.Extensions.DependencyInjection.Abstractions": "10.0.11"
        }
      },
      "Microsoft.Extensions.Options": {
        "type": "Transitive",
        "resolved": "10.0.11",
        "contentHash": "eY1GAKcTfD2maP27J84X9IovT3yjHJ2dVDzPmDg6/XqYvt3jMzJhtfQCLjG9pVsZGAd+8DQ2QrjaDcs2+VQLGw==",
        "dependencies": {
          "Microsoft.Extensions.DependencyInjection.Abstractions": "10.0.11",
          "Microsoft.Extensions.Primitives": "10.0.11"
        }
      },
      "Microsoft.Extensions.Options.ConfigurationExtensions": {
        "type": "Transitive",
        "resolved": "10.0.11",
        "contentHash": "syEhXQ/sEaSBFaqzlp9gDGHX/nk6gkQkh1sIUpBO1mlBj3Phu1rmb4ML1uCiyPW9N6Kxfxv3y5FGObC+bV01Qw==",
        "dependencies": {
          "Microsoft.Extensions.Configuration.Abstractions": "10.0.11",
          "Microsoft.Extensions.Configuration.Binder": "10.0.11",
          "Microsoft.Extensions.DependencyInjection.Abstractions": "10.0.11",
          "Microsoft.Extensions.Options": "10.0.11",
          "Microsoft.Extensions.Primitives": "10.0.11"
        }
      },
      "Microsoft.Extensions.Primitives": {
        "type": "Transitive",
        "resolved": "10.0.11",
        "contentHash": "SXcz+kF+4Oo9b1+55zntpJFYfwb1jw66ioxptyNOOTDc8g2FHnBFWjZpsWfCvZIhzr0x+4e2trVTs4OKwQfBtw=="
      },
      "Microsoft.TestPlatform.ObjectModel": {
        "type": "Transitive",
        "resolved": "18.9.0",
        "contentHash": "Fz/qXC52VXXopzHj7v2reCKcCqSxkTDCkEDfkNAH0vni/7qK/KLMiEYtRmnUanxO2F2g2zZZ60qCpxF0AF7URA=="
      },
      "Microsoft.TestPlatform.TestHost": {
        "type": "Transitive",
        "resolved": "18.9.0",
        "contentHash": "Oq+Pma/J86aZL72t71bcESvDszDsTjUfl6PIsuDdPoKTHZfNMhKamCfLD5fKx51W/u0KozXtJo2/3fnt0sgPxg==",
        "dependencies": {
          "Microsoft.TestPlatform.ObjectModel": "18.9.0"
        }
      },
      "NCalc.Core": {
        "type": "Transitive",
        "resolved": "7.1.0",
        "contentHash": "AW0R2aiRkZqSv2GZcO5QJ3dirCuiE+1U53NYF2ONzKts9fbE3J3oZPzujJzBuLO1EaXiirzibghgPRavufiDGg==",
        "dependencies": {
          "ExtendedNumerics.BigDecimal": "3003.2.0.161",
          "Microsoft.Extensions.Logging.Abstractions": "10.0.10",
          "NCalc.Parser": "7.1.0",
          "Parlot": "1.5.8"
        }
      },
      "NCalc.Domain": {
        "type": "Transitive",
        "resolved": "7.1.0",
        "contentHash": "+TJaDQ1EkWE9v672uwf2PjjTS9Pd5IxZKPOL/KjvH06DdgFqBGAC+7ws1VVn1vXR59SWfCM1wm1K/Dr5msiMRQ=="
      },
      "NCalc.Parser": {
        "type": "Transitive",
        "resolved": "7.1.0",
        "contentHash": "I93ttSN4BVQ6nC9QB41ttjVTOVlNFRY/5UyGJLNvqiuLAVDW2YLONyyf0CVInI0zMKg6F7TIvaVhDMrtQQ32MA==",
        "dependencies": {
          "NCalc.Domain": "7.1.0",
          "Parlot": "1.5.8"
        }
      },
      "NCalcSync": {
        "type": "Transitive",
        "resolved": "7.1.0",
        "contentHash": "JTcmTqUGGTUBRRZdFoS2VJxpBRxQ5gOJOCzOjBdMuAAqEFucw0bNxNpVgS5G2+CaVaX85rE7t/Rjg/TL4fPy/w==",
        "dependencies": {
          "NCalc.Core": "7.1.0"
        }
      },
      "NetTopologySuite": {
        "type": "Transitive",
        "resolved": "2.6.0",
        "contentHash": "1B1OTacTd4QtFyBeuIOcThwSSLUdRZU3bSFIwM8vk36XiZlBMi3K36u74e4OqwwHRHUuJC1PhbDx4hyI266X1Q=="
      },
      "NetTopologySuite.IO.SpatiaLite": {
        "type": "Transitive",
        "resolved": "2.0.0",
        "contentHash": "nT8ep51zgrTPEtRG+Cxeoi585uFlzmCmJz+xl35ima1xWCk4KuRuLtCEswy8RQkApmeaawAAfsTsa83sgmT4xw==",
        "dependencies": {
          "NetTopologySuite": "[2.0.0, 3.0.0-A)"
        }
      },
      "Newtonsoft.Json": {
        "type": "Transitive",
        "resolved": "13.0.4",
        "contentHash": "pdgNNMai3zv51W5aq268sujXUyx7SNdE2bj1wZcWjAQrKMFZV260lbqYop1d2GM67JI1huLRwxo9ZqnfF/lC6A=="
      },
      "NLog": {
        "type": "Transitive",
        "resolved": "6.2.0",
        "contentHash": "CxK6AjM1Wy3hM8YeBpLJJuB/JdoeIVvX0/fMTWeIXD917UozCtzv6cZDamevugeEaBBF0TIatfcNX2iJHI0Cew=="
      },
      "Optris.Icons.Avalonia": {
        "type": "Transitive",
        "resolved": "12.0.7",
        "contentHash": "PVNlV/cn8EcOtFsFQhaa0oWcEJTPXKHW/78xpVVPftQTrmHYm5a6m4MBQETW7mmsBTSasyh3/bAxkNAb79eHpA==",
        "dependencies": {
          "Avalonia": "12.0.1"
        }
      },
      "Optris.Icons.Avalonia.MaterialDesign": {
        "type": "Transitive",
        "resolved": "12.0.7",
        "contentHash": "PDQrWld62RT5BQQE6gJ9+OiOCEaB8IUpPVv6Yg0Vr6Jhuv3skCdW8JCj0i5sfGp5QYO03asLbfcFgGwSiC6pFw==",
        "dependencies": {
          "Optris.Icons.Avalonia": "12.0.7"
        }
      },
      "OxyPlot.Core": {
        "type": "Transitive",
        "resolved": "2.2.0",
        "contentHash": "QhXNdXR5FPpro/VoLx3BOp6AhQo7YrbfmWEZ9cgY+pnYM7RYORZjnu+aDMA8ka9A1r8hLkX//NbCPZNUv+l8qA=="
      },
      "Parlot": {
        "type": "Transitive",
        "resolved": "1.5.8",
        "contentHash": "QBFNAMKQPRvBwrXOl6Gp24a2nbhzqJ5X4pe0I1g1RtR4SqoT2ThyE6RwFAOZLcWMQxzo8YC08VmHspPDeOLYWg=="
      },
      "runtime.android-arm.runtime.native.System.IO.Ports": {
        "type": "Transitive",
        "resolved": "10.0.11",
        "contentHash": "6V3MEIBgMbF/kwIkY1ibNZB/9E/PN5289IZGdVYJfgMvuQt43YLHFz4i4PBZZ8Jp0/Pii14cyUU88avLfEYLvw=="
      },
      "runtime.android-arm64.runtime.native.System.IO.Ports": {
        "type": "Transitive",
        "resolved": "10.0.11",
        "contentHash": "mxz0iV8Vzq/ljCsphMngnoC4tue88i433b5meMihkVdFY8eytNBbubkZLNipCvhNgLFSq1FJ/5gn4VZ3uHOIBA=="
      },
      "runtime.android-x64.runtime.native.System.IO.Ports": {
        "type": "Transitive",
        "resolved": "10.0.11",
        "contentHash": "cH7lMdDHZ2/oZC2vDZuCALZkpPz0iLcW0smMngk1fkT6f4yZf916xa0ajMefSFYwpbRVMZi2JK3SRU/jY+Wd6w=="
      },
      "runtime.android-x86.runtime.native.System.IO.Ports": {
        "type": "Transitive",
        "resolved": "10.0.11",
        "contentHash": "7WDZu2EC63A+/z+HCnRET/6vFjTg4UVWvX4BaTd7fdrVuTMZcpPf4SdNfsI3wbY+zSweJ+CbWkeC9yq2WXlQug=="
      },
      "runtime.linux-arm.runtime.native.System.IO.Ports": {
        "type": "Transitive",
        "resolved": "10.0.11",
        "contentHash": "sf18XX+0LXVZ4iS6YGOGVVFx8tUzXVLZGFcSjGvQWZNgVyQUwqJigNrULJ0mEn5mrF8FdPpvvsQoQ2oZ0GeNYw=="
      },
      "runtime.linux-arm64.runtime.native.System.IO.Ports": {
        "type": "Transitive",
        "resolved": "10.0.11",
        "contentHash": "YPdZrWEiyI5B9WpWJpy/aFueieCn19956AebWnvY8qmVbmrddgdIag7MYk3jxlUqFfzDbPGD4Bwxn3nPNj1PMA=="
      },
      "runtime.linux-bionic-arm64.runtime.native.System.IO.Ports": {
        "type": "Transitive",
        "resolved": "10.0.11",
        "contentHash": "BwIgA8GupgMtWmjKMTjSR91Mp+msWPJxHIXoKJdPD/+xcp3s0yJNmYeVgLd/6x25ipULyiBfpqsxYeKirOuTcA=="
      },
      "runtime.linux-bionic-x64.runtime.native.System.IO.Ports": {
        "type": "Transitive",
        "resolved": "10.0.11",
        "contentHash": "gxMiB17KzKFH3jRGEeojEEJxbemEvkW9BruuLtF4DlEBgdDAvW+cUN0rIHLtj8yf5H4+vVvY6WiVb8EbTlDvWA=="
      },
      "runtime.linux-musl-arm.runtime.native.System.IO.Ports": {
        "type": "Transitive",
        "resolved": "10.0.11",
        "contentHash": "dqYz32Eb3HnDMgvv+OJz9GLi0d3qqEfkuQnEa43lg3aNmlYmXXWI9SvX0Tvqigd7GRaxWyKX7uEZfxvudO16Dg=="
      },
      "runtime.linux-musl-arm64.runtime.native.System.IO.Ports": {
        "type": "Transitive",
        "resolved": "10.0.11",
        "contentHash": "ZiOHYuPdEd7WFICA7U+0KWJmRETWeT/nHg6D5NagHmS3Poe7stluLQ9W/M/Svzz/m7cyFlL7e/d66hpgnG82Ww=="
      },
      "runtime.linux-musl-x64.runtime.native.System.IO.Ports": {
        "type": "Transitive",
        "resolved": "10.0.11",
        "contentHash": "qeTTy+SXea0z+hgXFkIiI9j9ikfVV8gxYDXKdmsl/X0S9tnk5gciAPQNxfoWfvzQYYrD7rl739JIt+I8z2pAxg=="
      },
      "runtime.linux-x64.runtime.native.System.IO.Ports": {
        "type": "Transitive",
        "resolved": "10.0.11",
        "contentHash": "s1FFe7n+ff5XV8SnLcmvW6W/9GsKm/TKkdkSh5ZmCPlry87xyDvGULjv/gIxlcIY5fpUB86nXIQ6EJp4WnL71g=="
      },
      "runtime.maccatalyst-arm64.runtime.native.System.IO.Ports": {
        "type": "Transitive",
        "resolved": "10.0.11",
        "contentHash": "7Mvev9kKh140KpgoZcmNxzk+1+TohKxLM1dyfjQcM8zUrJDAQenG5w0AGXa52z7Hk+5pS8c75s4s0GdU1Qv0lQ=="
      },
      "runtime.maccatalyst-x64.runtime.native.System.IO.Ports": {
        "type": "Transitive",
        "resolved": "10.0.11",
        "contentHash": "8qiWZ3aI5ugu4MouuEDu/vtS8stQEvG/Mf/ImoFSa/TcF11Hz54Ij1931VJnlvgpUB8BV8WFc928xqYah2wglw=="
      },
      "runtime.native.System.IO.Ports": {
        "type": "Transitive",
        "resolved": "10.0.11",
        "contentHash": "O7kVZRLIKBmkf+VRq/5tXgaeDQLuEiItxEdccCLtIW2eQFyH+uHAgW5Jet5idVr2FzIE4J9fj9s9DZSwnaqAhg==",
        "dependencies": {
          "runtime.android-arm.runtime.native.System.IO.Ports": "10.0.11",
          "runtime.android-arm64.runtime.native.System.IO.Ports": "10.0.11",
          "runtime.android-x64.runtime.native.System.IO.Ports": "10.0.11",
          "runtime.android-x86.runtime.native.System.IO.Ports": "10.0.11",
          "runtime.linux-arm.runtime.native.System.IO.Ports": "10.0.11",
          "runtime.linux-arm64.runtime.native.System.IO.Ports": "10.0.11",
          "runtime.linux-bionic-arm64.runtime.native.System.IO.Ports": "10.0.11",
          "runtime.linux-bionic-x64.runtime.native.System.IO.Ports": "10.0.11",
          "runtime.linux-musl-arm.runtime.native.System.IO.Ports": "10.0.11",
          "runtime.linux-musl-arm64.runtime.native.System.IO.Ports": "10.0.11",
          "runtime.linux-musl-x64.runtime.native.System.IO.Ports": "10.0.11",
          "runtime.linux-x64.runtime.native.System.IO.Ports": "10.0.11",
          "runtime.maccatalyst-arm64.runtime.native.System.IO.Ports": "10.0.11",
          "runtime.maccatalyst-x64.runtime.native.System.IO.Ports": "10.0.11",
          "runtime.osx-arm64.runtime.native.System.IO.Ports": "10.0.11",
          "runtime.osx-x64.runtime.native.System.IO.Ports": "10.0.11"
        }
      },
      "runtime.osx-arm64.runtime.native.System.IO.Ports": {
        "type": "Transitive",
        "resolved": "10.0.11",
        "contentHash": "XI/fS9+og9UOwFhHnQFf10NQaM26yOlaNjTVBc0I6KG4xMfw0TR4/PUacSiKnn5agfAQ74zh7T7ZogdWmsOCSg=="
      },
      "runtime.osx-x64.runtime.native.System.IO.Ports": {
        "type": "Transitive",
        "resolved": "10.0.11",
        "contentHash": "BCn5TG2WdJADWTdW6N/OluNWRb/kw63AnMU5wKV0rludx8uewlZQ9AHoEbxL6lQ2W9zNn1RX06A5ZoAZiq4Znw=="
      },
      "Sentry": {
        "type": "Transitive",
        "resolved": "6.9.0",
        "contentHash": "qQIvEwuvjAB6fDLVLLcDj/5f8n5jOyPyHjj3a/GQ1ogTLLQqsSxgQj1fEEquNT9HQuj4ZTyCg3c1DCBMUIvJGQ=="
      },
      "SQLite": {
        "type": "Transitive",
        "resolved": "3.53.4",
        "contentHash": "KN7jeWqgUPeBRe1FlcpZURzxomuKKEKHmBBQfg+Nx7NkY1LjKhzHvH+3ASkNvhayESE34nMBinL9CV21JfPRJw=="
      },
      "SQLitePCLRaw.bundle_e_sqlite3": {
        "type": "Transitive",
        "resolved": "3.0.5",
        "contentHash": "SW8iASIyWMrLzqabUHYQRvALhvD4ylSBsj4PgEVGwc36kQjc9xT5kSV/XQ9rU7nIpBWD+LPyX3Hlw5FzyUzGeQ==",
        "dependencies": {
          "SQLite": "3.53.4",
          "SQLitePCLRaw.config.e_sqlite3": "3.0.5"
        }
      },
      "SQLitePCLRaw.config.e_sqlite3": {
        "type": "Transitive",
        "resolved": "3.0.5",
        "contentHash": "aSk8WE5tF2MybESMgtZAEyMVCAWA0nBqOMc48HFoa9UoSdtm3goDXVzNRnefeKIwE6bV9NaNXptn1F9ReMQI0Q==",
        "dependencies": {
          "SQLitePCLRaw.provider.e_sqlite3": "3.0.5"
        }
      },
      "SQLitePCLRaw.core": {
        "type": "Transitive",
        "resolved": "3.0.5",
        "contentHash": "k81AYXXRCw3Zj8rOhyBoCsx/U97KYDFI2CSKr/ijl5BwpsW/hX/4kBiDmerFaoust8nxBwa0IHQFw8MmSHRtnQ=="
      },
      "SQLitePCLRaw.provider.e_sqlite3": {
        "type": "Transitive",
        "resolved": "3.0.5",
        "contentHash": "um8YSWduhhuskTG2bHfZrBqMNQOydfU8pcseT+cu5RivOGyoUbCrGXxgoRNTmRYw2VbMWnEZVVFcneZT/5dsBg==",
        "dependencies": {
          "SQLitePCLRaw.core": "3.0.5"
        }
      },
      "System.CodeDom": {
        "type": "Transitive",
        "resolved": "10.0.11",
        "contentHash": "v40pNeBoZTYsiVxz+PzyZmmIr2JIhpK4VsFpQqZSZCXa51PDlNXIN2ESm8kDU0voZYVfLhxF9HvmBsxCJmkiRg=="
      },
      "System.Configuration.ConfigurationManager": {
        "type": "Transitive",
        "resolved": "10.0.11",
        "contentHash": "vFA8K0xj520MnLp+zkpTmLc3LOGUhkIDxHvhfm8Cr4b+ZVVeAXnfe1+2oixuITbsZfr4ALcU2NrAqQKhooX9yw==",
        "dependencies": {
          "System.Diagnostics.EventLog": "10.0.11",
          "System.Security.Cryptography.ProtectedData": "10.0.11"
        }
      },
      "System.Diagnostics.EventLog": {
        "type": "Transitive",
        "resolved": "10.0.11",
        "contentHash": "QTXEoQBzz00SFWbo7nAg1Ogd4f99lwqcO9uAJ7MYSLEUR28f6As32QktrqG2Fr9cfAfd1GjLyGYspE7Ipj7P6w=="
      },
      "System.IO.Ports": {
        "type": "Transitive",
        "resolved": "10.0.11",
        "contentHash": "92gu68qcsZXcHhSyGxNdoVoDKxn9nV240k3jdq5b/vAzTt0QsFFE+bCmLKQ5p1XhAgelE5v+VaQEaAFH/JvZSA==",
        "dependencies": {
          "runtime.native.System.IO.Ports": "10.0.11"
        }
      },
      "System.Management": {
        "type": "Transitive",
        "resolved": "10.0.11",
        "contentHash": "xyNn8KGbWI88LoUwg3rB8qcpFFST6dr8Ro/qS8GBu2GOwR0v7J82kVFHTiiPtvEKS79VbMTxs/sIKQ+Cq1Zs1g==",
        "dependencies": {
          "System.CodeDom": "10.0.11"
        }
      },
      "System.Security.Cryptography.ProtectedData": {
        "type": "Transitive",
        "resolved": "10.0.11",
        "contentHash": "PNoxCTPb+Tlux+GJyq4c89ddYdpioVSqfGx8pqOF6shCSKwUNNctXhQtRkCICjbJmGrJJsW8NY52kVYO/b8mlQ=="
      },
      "Xaml.Behaviors.Animations": {
        "type": "Transitive",
        "resolved": "12.0.7",
        "contentHash": "4bZF2H+0Fno6iYXwIrpbQisi8JlFfBpPIezWytljHP87C0PA21bnugtmP7cfgPAI6JZn0A6Ae9+JK3POKN1+Pg==",
        "dependencies": {
          "Avalonia": "12.0.5"
        }
      },
      "Xaml.Behaviors.Avalonia": {
        "type": "Transitive",
        "resolved": "12.0.7",
        "contentHash": "vSBI0io5gFhhH6J5b0oCvQfoBYUR86S86cIticuyWvEnm9miAkRcAHZs7QS1vcWeVFVnlVqDy90zOK/l4USr6Q==",
        "dependencies": {
          "Avalonia": "12.0.5",
          "Xaml.Behaviors.Animations": "12.0.7",
          "Xaml.Behaviors.Interactions": "12.0.7",
          "Xaml.Behaviors.Interactions.Custom": "12.0.7",
          "Xaml.Behaviors.Interactions.DragAndDrop": "12.0.7",
          "Xaml.Behaviors.Interactions.Draggable": "12.0.7",
          "Xaml.Behaviors.Interactions.Events": "12.0.7",
          "Xaml.Behaviors.Interactions.Responsive": "12.0.7",
          "Xaml.Behaviors.Interactivity": "12.0.7"
        }
      },
      "Xaml.Behaviors.Interactions": {
        "type": "Transitive",
        "resolved": "12.0.7",
        "contentHash": "o1PwBW7NUWLkktvuSmM52z2OBH1w1yo2dc+NetP8PLWC0/QsTVql/dE56B8IjPJzmpGb3Y9XSitTKh7R+EL2cA==",
        "dependencies": {
          "Avalonia": "12.0.5",
          "Xaml.Behaviors.Interactivity": "12.0.7"
        }
      },
      "Xaml.Behaviors.Interactions.Custom": {
        "type": "Transitive",
        "resolved": "12.0.7",
        "contentHash": "RCmhJa8ps+ML1e5rXr91k6ETS4xAjmkHOM5XN2q6rI/Tbx74SEiAKzC4rzKZ+SX1/BLOlE47nMpMNuxrkkzk+A==",
        "dependencies": {
          "Avalonia": "12.0.5",
          "Xaml.Behaviors.Animations": "12.0.7",
          "Xaml.Behaviors.Interactivity": "12.0.7"
        }
      },
      "Xaml.Behaviors.Interactions.DragAndDrop": {
        "type": "Transitive",
        "resolved": "12.0.7",
        "contentHash": "l0PsZ3U2Nwsap9srbuPTdkHk10ipjeNBI9eZELW6jNgO8+thV7BsW6mk/Z5D5Hh3Fq6YDrj3KKyJ6CD3ECtHDg==",
        "dependencies": {
          "Avalonia": "12.0.5",
          "Xaml.Behaviors.Interactivity": "12.0.7"
        }
      },
      "Xaml.Behaviors.Interactions.Draggable": {
        "type": "Transitive",
        "resolved": "12.0.7",
        "contentHash": "cm9h+vFKCTgpxCsi7Bp4KHEXVbQ4QH8WrrqE/81kN5U7roWVW+JVnGZ+k67HP2LOhyt+eIEQokLVMcipv9cFpw==",
        "dependencies": {
          "Avalonia": "12.0.5",
          "Xaml.Behaviors.Interactivity": "12.0.7"
        }
      },
      "Xaml.Behaviors.Interactions.Events": {
        "type": "Transitive",
        "resolved": "12.0.7",
        "contentHash": "0JwzoIOX21dj9geo+st+RSxl/7bU4Wb35P1YjKD4IeUw6mIf8EMQkB7PKGPy+hibeOnmSDTbLoNoCY0EdvTNgg==",
        "dependencies": {
          "Avalonia": "12.0.5",
          "Xaml.Behaviors.Interactivity": "12.0.7"
        }
      },
      "Xaml.Behaviors.Interactions.Responsive": {
        "type": "Transitive",
        "resolved": "12.0.7",
        "contentHash": "9h9hncn2OcxYMbDUQSNzJs7SY6YVb6dDp2W3W64ns9Xqza3FpCZITGFeJKBZQEhqeS/vvUKbtpRIC6MrQSh3Yg==",
        "dependencies": {
          "Avalonia": "12.0.5",
          "Xaml.Behaviors.Interactivity": "12.0.7"
        }
      },
      "Xaml.Behaviors.Interactivity": {
        "type": "Transitive",
        "resolved": "12.0.7",
        "contentHash": "PzWwozUtizvnNYuCJhlbl+EwuRpva0+qYWYlGkyNKMjyrTxujBWBBr1g6o1PtauVTLPCkX5+lGNK6JHImYDJAQ==",
        "dependencies": {
          "Avalonia": "12.0.5"
        }
      },
      "xunit.abstractions": {
        "type": "Transitive",
        "resolved": "2.0.3",
        "contentHash": "pot1I4YOxlWjIb5jmwvvQNbTrZ3lJQ+jUGkGjWE3hEFM0l5gOnBWS+H3qsex68s5cO52g+44vpGzhAt+42vwKg=="
      },
      "xunit.analyzers": {
        "type": "Transitive",
        "resolved": "1.18.0",
        "contentHash": "OtFMHN8yqIcYP9wcVIgJrq01AfTxijjAqVDy/WeQVSyrDC1RzBWeQPztL49DN2syXRah8TYnfvk035s7L95EZQ=="
      },
      "xunit.assert": {
        "type": "Transitive",
        "resolved": "2.9.3",
        "contentHash": "/Kq28fCE7MjOV42YLVRAJzRF0WmEqsmflm0cfpMjGtzQ2lR5mYVj1/i0Y8uDAOLczkL3/jArrwehfMD0YogMAA=="
      },
      "xunit.core": {
        "type": "Transitive",
        "resolved": "2.9.3",
        "contentHash": "BiAEvqGvyme19wE0wTKdADH+NloYqikiU0mcnmiNyXaF9HyHmE6sr/3DC5vnBkgsWaE6yPyWszKSPSApWdRVeQ==",
        "dependencies": {
          "xunit.extensibility.core": "[2.9.3]",
          "xunit.extensibility.execution": "[2.9.3]"
        }
      },
      "xunit.extensibility.core": {
        "type": "Transitive",
        "resolved": "2.9.3",
        "contentHash": "kf3si0YTn2a8J8eZNb+zFpwfoyvIrQ7ivNk5ZYA5yuYk1bEtMe4DxJ2CF/qsRgmEnDr7MnW1mxylBaHTZ4qErA==",
        "dependencies": {
          "xunit.abstractions": "2.0.3"
        }
      },
      "xunit.extensibility.execution": {
        "type": "Transitive",
        "resolved": "2.9.3",
        "contentHash": "yMb6vMESlSrE3Wfj7V6cjQ3S4TXdXpRqYeNEI3zsX31uTsGMJjEw6oD5F5u1cHnMptjhEECnmZSsPxB6ChZHDQ==",
        "dependencies": {
          "xunit.extensibility.core": "[2.9.3]"
        }
      },
      "daqifi.avalonia": {
        "type": "Project",
        "dependencies": {
          "Avalonia": "[12.1.1, )",
          "Avalonia.Controls.DataGrid": "[12.1.2, )",
          "Avalonia.Fonts.Inter": "[12.1.1, )",
          "Avalonia.Themes.Fluent": "[12.1.1, )",
          "CommunityToolkit.Mvvm": "[8.4.2, )",
          "Daqifi.Core": "[1.7.0, )",
          "EFCore.BulkExtensions.Sqlite": "[10.0.1, )",
          "Microsoft.Data.Sqlite": "[10.0.11, )",
          "Microsoft.EntityFrameworkCore": "[10.0.11, )",
          "Microsoft.EntityFrameworkCore.Sqlite": "[10.0.11, )",
          "Microsoft.Extensions.Http": "[10.0.11, )",
          "NCalcSync": "[7.1.0, )",
          "NLog": "[6.2.0, )",
          "Newtonsoft.Json": "[13.0.4, )",
          "Optris.Icons.Avalonia.MaterialDesign": "[12.0.7, )",
          "OxyPlot.Avalonia": "[2.1.2, )",
          "OxyPlot.Core": "[2.2.0, )",
          "SQLitePCLRaw.bundle_e_sqlite3": "[3.0.5, )",
          "Sentry": "[6.9.0, )",
          "System.Configuration.ConfigurationManager": "[10.0.11, )",
          "System.IO.Ports": "[10.0.11, )",
          "System.Management": "[10.0.11, )",
          "Xaml.Behaviors.Avalonia": "[12.0.7, )"
        }
      },
      "oxyplot.avalonia": {
        "type": "Project",
        "dependencies": {
          "Avalonia": "[12.1.1, )",
          "OxyPlot.Core": "[2.2.0, )"
        }
      }
    }
  }
}